
Microsoft Visual Studio Solution File, Format Version 12.00
# Visual Studio 15
VisualStudioVersion = 15.0.27130.2010
MinimumVisualStudioVersion = 10.0.40219.1
Project("{9A19103F-16F7-4668-BE54-9A1E7A4F7556}") = "MediaKit.Core", "MediaKit.Core\MediaKit.Core.csproj", "{02125CD6-5E0B-4473-91FF-AB9C9489D84F}"
EndProject
Project("{FAE04EC0-301F-11D3-BF4B-00C04F79EFBC}") = "MediaKit.Triggers", "MediaKit.Triggers\MediaKit.Triggers.csproj", "{FEF5F6A1-4661-4623-A0BD-2D7CFBD36C06}"
EndProject
Project("{FAE04EC0-301F-11D3-BF4B-00C04F79EFBC}") = "MediaKit.Animations", "MediaKit.Animations\MediaKit.Animations.csproj", "{996B3C4B-5978-47A7-AFDC-8AD14BC3BAB5}"
EndProject
Project("{FAE04EC0-301F-11D3-BF4B-00C04F79EFBC}") = "MediaKit.VisualStateManager", "MediaKit.VisualStateManager\MediaKit.VisualStateManager.csproj", "{7D8A4EDF-1B12-4135-B486-AE7B5877493E}"
EndProject
Global
	GlobalSection(SolutionConfigurationPlatforms) = preSolution
		Debug|Any CPU = Debug|Any CPU
		Release|Any CPU = Release|Any CPU
	EndGlobalSection
	GlobalSection(ProjectConfigurationPlatforms) = postSolution
		{02125CD6-5E0B-4473-91FF-AB9C9489D84F}.Debug|Any CPU.ActiveCfg = Debug|Any CPU
		{02125CD6-5E0B-4473-91FF-AB9C9489D84F}.Debug|Any CPU.Build.0 = Debug|Any CPU
		{02125CD6-5E0B-4473-91FF-AB9C9489D84F}.Release|Any CPU.ActiveCfg = Release|Any CPU
		{02125CD6-5E0B-4473-91FF-AB9C9489D84F}.Release|Any CPU.Build.0 = Release|Any CPU
		{FEF5F6A1-4661-4623-A0BD-2D7CFBD36C06}.Debug|Any CPU.ActiveCfg = Debug|Any CPU
		{FEF5F6A1-4661-4623-A0BD-2D7CFBD36C06}.Debug|Any CPU.Build.0 = Debug|Any CPU
		{FEF5F6A1-4661-4623-A0BD-2D7CFBD36C06}.Release|Any CPU.ActiveCfg = Release|Any CPU
		{FEF5F6A1-4661-4623-A0BD-2D7CFBD36C06}.Release|Any CPU.Build.0 = Release|Any CPU
		{996B3C4B-5978-47A7-AFDC-8AD14BC3BAB5}.Debug|Any CPU.ActiveCfg = Debug|Any CPU
		{996B3C4B-5978-47A7-AFDC-8AD14BC3BAB5}.Debug|Any CPU.Build.0 = Debug|Any CPU
		{996B3C4B-5978-47A7-AFDC-8AD14BC3BAB5}.Release|Any CPU.ActiveCfg = Release|Any CPU
		{996B3C4B-5978-47A7-AFDC-8AD14BC3BAB5}.Release|Any CPU.Build.0 = Release|Any CPU
		{7D8A4EDF-1B12-4135-B486-AE7B5877493E}.Debug|Any CPU.ActiveCfg = Debug|Any CPU
		{7D8A4EDF-1B12-4135-B486-AE7B5877493E}.Debug|Any CPU.Build.0 = Debug|Any CPU
		{7D8A4EDF-1B12-4135-B486-AE7B5877493E}.Release|Any CPU.ActiveCfg = Release|Any CPU
		{7D8A4EDF-1B12-4135-B486-AE7B5877493E}.Release|Any CPU.Build.0 = Release|Any CPU
	EndGlobalSection
	GlobalSection(SolutionProperties) = preSolution
		HideSolutionNode = FALSE
	EndGlobalSection
	GlobalSection(ExtensibilityGlobals) = postSolution
		SolutionGuid = {4F191402-A995-4803-B6E9-D3815DEF70E8}
	EndGlobalSection
EndGlobal
